// !$*UTF8*$!
{
	archiveVersion = 1;
	classes = {
	};
	objectVersion = 55;
	objects = {

/* Begin PBXBuildFile section */
		E412CB18281AC831001979B5 /* NablaMessagingUI in Frameworks */ = {isa = PBXBuildFile; productRef = E412CB17281AC831001979B5 /* NablaMessagingUI */; };
		E457673028748CC500B771ED /* NablaVideoCall in Frameworks */ = {isa = PBXBuildFile; productRef = E457672F28748CC500B771ED /* NablaVideoCall */; };
		E4CD916E2819D29E00562EC5 /* AppDelegate.swift in Sources */ = {isa = PBXBuildFile; fileRef = E4CD916D2819D29E00562EC5 /* AppDelegate.swift */; };
		E4CD91702819D29E00562EC5 /* SceneDelegate.swift in Sources */ = {isa = PBXBuildFile; fileRef = E4CD916F2819D29E00562EC5 /* SceneDelegate.swift */; };
		E4CD91722819D29E00562EC5 /* ViewController.swift in Sources */ = {isa = PBXBuildFile; fileRef = E4CD91712819D29E00562EC5 /* ViewController.swift */; };
		E4CD91772819D29F00562EC5 /* Assets.xcassets in Resources */ = {isa = PBXBuildFile; fileRef = E4CD91762819D29F00562EC5 /* Assets.xcassets */; };
		E4CD917A2819D29F00562EC5 /* LaunchScreen.storyboard in Resources */ = {isa = PBXBuildFile; fileRef = E4CD91782819D29F00562EC5 /* LaunchScreen.storyboard */; };
		E4CD91852819D37300562EC5 /* NablaMessagingCore in Frameworks */ = {isa = PBXBuildFile; productRef = E4CD91842819D37300562EC5 /* NablaMessagingCore */; };
		FF4E8BE328450775003E487A /* NablaMessagingProtocolMock+testFocusOnTextMessage.swift in Sources */ = {isa = PBXBuildFile; fileRef = FF4E8BE228450775003E487A /* NablaMessagingProtocolMock+testFocusOnTextMessage.swift */; };
		FF4F6355283E4A8D00CDEF86 /* NablaMessagingProtocolMock+testConversationListPagination.swift in Sources */ = {isa = PBXBuildFile; fileRef = FF4F6354283E4A8D00CDEF86 /* NablaMessagingProtocolMock+testConversationListPagination.swift */; };
		FF4F6358283E531D00CDEF86 /* Conversation+Mock.swift in Sources */ = {isa = PBXBuildFile; fileRef = FF4F6357283E531D00CDEF86 /* Conversation+Mock.swift */; };
		FF4F635B283E560000CDEF86 /* ConversationViewControllerUITests.swift in Sources */ = {isa = PBXBuildFile; fileRef = FF4F6359283E560000CDEF86 /* ConversationViewControllerUITests.swift */; };
		FF4F635C283E560000CDEF86 /* ConversationListViewUITests.swift in Sources */ = {isa = PBXBuildFile; fileRef = FF4F635A283E560000CDEF86 /* ConversationListViewUITests.swift */; };
		FF4F635F283E589700CDEF86 /* NablaMessagingProtocolMock+testSendMessage.swift in Sources */ = {isa = PBXBuildFile; fileRef = FF4F635E283E589700CDEF86 /* NablaMessagingProtocolMock+testSendMessage.swift */; };
		FF4F6361283E657C00CDEF86 /* NablaMessagingProtocolMock+testFailSendMessageAndRetry.swift in Sources */ = {isa = PBXBuildFile; fileRef = FF4F6360283E657C00CDEF86 /* NablaMessagingProtocolMock+testFailSendMessageAndRetry.swift */; };
		FF8049E8283D227A0076EFF8 /* NablaMessagingProtocolMock.swift in Sources */ = {isa = PBXBuildFile; fileRef = FF8049E7283D227A0076EFF8 /* NablaMessagingProtocolMock.swift */; };
		FF8049EB283E12A40076EFF8 /* NablaMessagingProtocolMock+testCreateConversation.swift in Sources */ = {isa = PBXBuildFile; fileRef = FF8049EA283E12A40076EFF8 /* NablaMessagingProtocolMock+testCreateConversation.swift */; };
		FF8049ED283E16790076EFF8 /* LaunchArgument.swift in Sources */ = {isa = PBXBuildFile; fileRef = FF8049EC283E16790076EFF8 /* LaunchArgument.swift */; };
		FF8049EF283E16CB0076EFF8 /* LaunchArgument.swift in Sources */ = {isa = PBXBuildFile; fileRef = FF8049EC283E16790076EFF8 /* LaunchArgument.swift */; };
		FF8049F2283E186B0076EFF8 /* XCUIElement+Helpers.swift in Sources */ = {isa = PBXBuildFile; fileRef = FF8049F0283E186B0076EFF8 /* XCUIElement+Helpers.swift */; };
		FF8049F6283E1FD10076EFF8 /* LoggerMock.swift in Sources */ = {isa = PBXBuildFile; fileRef = FF8049F5283E1FD10076EFF8 /* LoggerMock.swift */; };
		FF8352BB283E76A600BB5065 /* NablaMessagingProtocolMock+testSendMessageAndDelete.swift in Sources */ = {isa = PBXBuildFile; fileRef = FF8352BA283E76A600BB5065 /* NablaMessagingProtocolMock+testSendMessageAndDelete.swift */; };
		FF8352BD283E79CA00BB5065 /* NablaMessagingProtocolMock+testSendMediaMessage.swift in Sources */ = {isa = PBXBuildFile; fileRef = FF8352BC283E79CA00BB5065 /* NablaMessagingProtocolMock+testSendMediaMessage.swift */; };
		FF8352BF283E7DAF00BB5065 /* NablaMessagingProtocolMock+testTypingIndicatorAppears.swift in Sources */ = {isa = PBXBuildFile; fileRef = FF8352BE283E7DAF00BB5065 /* NablaMessagingProtocolMock+testTypingIndicatorAppears.swift */; };
/* End PBXBuildFile section */

/* Begin PBXContainerItemProxy section */
		FF8049E2283D19610076EFF8 /* PBXContainerItemProxy */ = {
			isa = PBXContainerItemProxy;
			containerPortal = E4CD91622819D29E00562EC5 /* Project object */;
			proxyType = 1;
			remoteGlobalIDString = E4CD91692819D29E00562EC5;
			remoteInfo = NablaUITestsHostApp;
		};
/* End PBXContainerItemProxy section */

/* Begin PBXFileReference section */
		E4CD916A2819D29E00562EC5 /* NablaUITestsHostApp.app */ = {isa = PBXFileReference; explicitFileType = wrapper.application; includeInIndex = 0; path = NablaUITestsHostApp.app; sourceTree = BUILT_PRODUCTS_DIR; };
		E4CD916D2819D29E00562EC5 /* AppDelegate.swift */ = {isa = PBXFileReference; lastKnownFileType = sourcecode.swift; path = AppDelegate.swift; sourceTree = "<group>"; };
		E4CD916F2819D29E00562EC5 /* SceneDelegate.swift */ = {isa = PBXFileReference; lastKnownFileType = sourcecode.swift; path = SceneDelegate.swift; sourceTree = "<group>"; };
		E4CD91712819D29E00562EC5 /* ViewController.swift */ = {isa = PBXFileReference; lastKnownFileType = sourcecode.swift; path = ViewController.swift; sourceTree = "<group>"; };
		E4CD91762819D29F00562EC5 /* Assets.xcassets */ = {isa = PBXFileReference; lastKnownFileType = folder.assetcatalog; path = Assets.xcassets; sourceTree = "<group>"; };
		E4CD91792819D29F00562EC5 /* Base */ = {isa = PBXFileReference; lastKnownFileType = file.storyboard; name = Base; path = Base.lproj/LaunchScreen.storyboard; sourceTree = "<group>"; };
		E4CD917B2819D29F00562EC5 /* Info.plist */ = {isa = PBXFileReference; lastKnownFileType = text.plist.xml; path = Info.plist; sourceTree = "<group>"; };
		E4CD91822819D35C00562EC5 /* ios */ = {isa = PBXFileReference; lastKnownFileType = wrapper; name = ios; path = ../..; sourceTree = "<group>"; };
		FF4E8BE228450775003E487A /* NablaMessagingProtocolMock+testFocusOnTextMessage.swift */ = {isa = PBXFileReference; fileEncoding = 4; lastKnownFileType = sourcecode.swift; path = "NablaMessagingProtocolMock+testFocusOnTextMessage.swift"; sourceTree = "<group>"; };
		FF4F6354283E4A8D00CDEF86 /* NablaMessagingProtocolMock+testConversationListPagination.swift */ = {isa = PBXFileReference; fileEncoding = 4; lastKnownFileType = sourcecode.swift; path = "NablaMessagingProtocolMock+testConversationListPagination.swift"; sourceTree = "<group>"; };
		FF4F6357283E531D00CDEF86 /* Conversation+Mock.swift */ = {isa = PBXFileReference; lastKnownFileType = sourcecode.swift; path = "Conversation+Mock.swift"; sourceTree = "<group>"; };
		FF4F6359283E560000CDEF86 /* ConversationViewControllerUITests.swift */ = {isa = PBXFileReference; fileEncoding = 4; lastKnownFileType = sourcecode.swift; path = ConversationViewControllerUITests.swift; sourceTree = "<group>"; };
		FF4F635A283E560000CDEF86 /* ConversationListViewUITests.swift */ = {isa = PBXFileReference; fileEncoding = 4; lastKnownFileType = sourcecode.swift; path = ConversationListViewUITests.swift; sourceTree = "<group>"; };
		FF4F635E283E589700CDEF86 /* NablaMessagingProtocolMock+testSendMessage.swift */ = {isa = PBXFileReference; lastKnownFileType = sourcecode.swift; path = "NablaMessagingProtocolMock+testSendMessage.swift"; sourceTree = "<group>"; };
		FF4F6360283E657C00CDEF86 /* NablaMessagingProtocolMock+testFailSendMessageAndRetry.swift */ = {isa = PBXFileReference; fileEncoding = 4; lastKnownFileType = sourcecode.swift; path = "NablaMessagingProtocolMock+testFailSendMessageAndRetry.swift"; sourceTree = "<group>"; };
		FF8049DC283D19610076EFF8 /* NablaUITestsHostAppUITests.xctest */ = {isa = PBXFileReference; explicitFileType = wrapper.cfbundle; includeInIndex = 0; path = NablaUITestsHostAppUITests.xctest; sourceTree = BUILT_PRODUCTS_DIR; };
		FF8049E7283D227A0076EFF8 /* NablaMessagingProtocolMock.swift */ = {isa = PBXFileReference; lastKnownFileType = sourcecode.swift; path = NablaMessagingProtocolMock.swift; sourceTree = "<group>"; };
		FF8049EA283E12A40076EFF8 /* NablaMessagingProtocolMock+testCreateConversation.swift */ = {isa = PBXFileReference; lastKnownFileType = sourcecode.swift; path = "NablaMessagingProtocolMock+testCreateConversation.swift"; sourceTree = "<group>"; };
		FF8049EC283E16790076EFF8 /* LaunchArgument.swift */ = {isa = PBXFileReference; lastKnownFileType = sourcecode.swift; path = LaunchArgument.swift; sourceTree = "<group>"; };
		FF8049F0283E186B0076EFF8 /* XCUIElement+Helpers.swift */ = {isa = PBXFileReference; lastKnownFileType = sourcecode.swift; path = "XCUIElement+Helpers.swift"; sourceTree = "<group>"; };
		FF8049F5283E1FD10076EFF8 /* LoggerMock.swift */ = {isa = PBXFileReference; lastKnownFileType = sourcecode.swift; path = LoggerMock.swift; sourceTree = "<group>"; };
		FF8352BA283E76A600BB5065 /* NablaMessagingProtocolMock+testSendMessageAndDelete.swift */ = {isa = PBXFileReference; fileEncoding = 4; lastKnownFileType = sourcecode.swift; path = "NablaMessagingProtocolMock+testSendMessageAndDelete.swift"; sourceTree = "<group>"; };
		FF8352BC283E79CA00BB5065 /* NablaMessagingProtocolMock+testSendMediaMessage.swift */ = {isa = PBXFileReference; fileEncoding = 4; lastKnownFileType = sourcecode.swift; path = "NablaMessagingProtocolMock+testSendMediaMessage.swift"; sourceTree = "<group>"; };
		FF8352BE283E7DAF00BB5065 /* NablaMessagingProtocolMock+testTypingIndicatorAppears.swift */ = {isa = PBXFileReference; fileEncoding = 4; lastKnownFileType = sourcecode.swift; path = "NablaMessagingProtocolMock+testTypingIndicatorAppears.swift"; sourceTree = "<group>"; };
/* End PBXFileReference section */

/* Begin PBXFrameworksBuildPhase section */
		E4CD91672819D29E00562EC5 /* Frameworks */ = {
			isa = PBXFrameworksBuildPhase;
			buildActionMask = 2147483647;
			files = (
				E412CB18281AC831001979B5 /* NablaMessagingUI in Frameworks */,
				E4CD91852819D37300562EC5 /* NablaMessagingCore in Frameworks */,
				E457673028748CC500B771ED /* NablaVideoCall in Frameworks */,
			);
			runOnlyForDeploymentPostprocessing = 0;
		};
		FF8049D9283D19610076EFF8 /* Frameworks */ = {
			isa = PBXFrameworksBuildPhase;
			buildActionMask = 2147483647;
			files = (
			);
			runOnlyForDeploymentPostprocessing = 0;
		};
/* End PBXFrameworksBuildPhase section */

/* Begin PBXGroup section */
		E457672E28748CC500B771ED /* Frameworks */ = {
			isa = PBXGroup;
			children = (
			);
			name = Frameworks;
			sourceTree = "<group>";
		};
		E4CD91612819D29E00562EC5 = {
			isa = PBXGroup;
			children = (
				E4CD91812819D35C00562EC5 /* Packages */,
				E4CD916C2819D29E00562EC5 /* NablaUITestsHostApp */,
				FF8049DD283D19610076EFF8 /* NablaUITestsHostAppUITests */,
				E4CD916B2819D29E00562EC5 /* Products */,
				E457672E28748CC500B771ED /* Frameworks */,
			);
			sourceTree = "<group>";
		};
		E4CD916B2819D29E00562EC5 /* Products */ = {
			isa = PBXGroup;
			children = (
				E4CD916A2819D29E00562EC5 /* NablaUITestsHostApp.app */,
				FF8049DC283D19610076EFF8 /* NablaUITestsHostAppUITests.xctest */,
			);
			name = Products;
			sourceTree = "<group>";
		};
		E4CD916C2819D29E00562EC5 /* NablaUITestsHostApp */ = {
			isa = PBXGroup;
			children = (
				FF8049EC283E16790076EFF8 /* LaunchArgument.swift */,
				FF8049E9283E12830076EFF8 /* Mocks */,
				E4CD916D2819D29E00562EC5 /* AppDelegate.swift */,
				E4CD916F2819D29E00562EC5 /* SceneDelegate.swift */,
				E4CD91712819D29E00562EC5 /* ViewController.swift */,
				E4CD91762819D29F00562EC5 /* Assets.xcassets */,
				E4CD91782819D29F00562EC5 /* LaunchScreen.storyboard */,
				E4CD917B2819D29F00562EC5 /* Info.plist */,
			);
			path = NablaUITestsHostApp;
			sourceTree = "<group>";
		};
		E4CD91812819D35C00562EC5 /* Packages */ = {
			isa = PBXGroup;
			children = (
				E4CD91822819D35C00562EC5 /* ios */,
			);
			name = Packages;
			sourceTree = "<group>";
		};
		FF4F6356283E4D4A00CDEF86 /* ConversationListViewUITests */ = {
			isa = PBXGroup;
			children = (
				FF8049EA283E12A40076EFF8 /* NablaMessagingProtocolMock+testCreateConversation.swift */,
				FF4F6354283E4A8D00CDEF86 /* NablaMessagingProtocolMock+testConversationListPagination.swift */,
			);
			path = ConversationListViewUITests;
			sourceTree = "<group>";
		};
		FF4F635D283E587800CDEF86 /* ConversationViewControllerUITests */ = {
			isa = PBXGroup;
			children = (
				FF4F635E283E589700CDEF86 /* NablaMessagingProtocolMock+testSendMessage.swift */,
				FF8352BA283E76A600BB5065 /* NablaMessagingProtocolMock+testSendMessageAndDelete.swift */,
				FF8352BC283E79CA00BB5065 /* NablaMessagingProtocolMock+testSendMediaMessage.swift */,
				FF4F6360283E657C00CDEF86 /* NablaMessagingProtocolMock+testFailSendMessageAndRetry.swift */,
				FF8352BE283E7DAF00BB5065 /* NablaMessagingProtocolMock+testTypingIndicatorAppears.swift */,
				FF4E8BE228450775003E487A /* NablaMessagingProtocolMock+testFocusOnTextMessage.swift */,
			);
			path = ConversationViewControllerUITests;
			sourceTree = "<group>";
		};
		FF8049DD283D19610076EFF8 /* NablaUITestsHostAppUITests */ = {
			isa = PBXGroup;
			children = (
				FF4F635A283E560000CDEF86 /* ConversationListViewUITests.swift */,
				FF4F6359283E560000CDEF86 /* ConversationViewControllerUITests.swift */,
				FF8049F0283E186B0076EFF8 /* XCUIElement+Helpers.swift */,
			);
			path = NablaUITestsHostAppUITests;
			sourceTree = "<group>";
		};
		FF8049E9283E12830076EFF8 /* Mocks */ = {
			isa = PBXGroup;
			children = (
				FF4F635D283E587800CDEF86 /* ConversationViewControllerUITests */,
				FF4F6356283E4D4A00CDEF86 /* ConversationListViewUITests */,
				FF8049E7283D227A0076EFF8 /* NablaMessagingProtocolMock.swift */,
				FF8049F5283E1FD10076EFF8 /* LoggerMock.swift */,
				FF4F6357283E531D00CDEF86 /* Conversation+Mock.swift */,
			);
			path = Mocks;
			sourceTree = "<group>";
		};
/* End PBXGroup section */

/* Begin PBXNativeTarget section */
		E4CD91692819D29E00562EC5 /* NablaUITestsHostApp */ = {
			isa = PBXNativeTarget;
			buildConfigurationList = E4CD917E2819D29F00562EC5 /* Build configuration list for PBXNativeTarget "NablaUITestsHostApp" */;
			buildPhases = (
				E4CD91662819D29E00562EC5 /* Sources */,
				E4CD91672819D29E00562EC5 /* Frameworks */,
				E4CD91682819D29E00562EC5 /* Resources */,
			);
			buildRules = (
			);
			dependencies = (
			);
			name = NablaUITestsHostApp;
			packageProductDependencies = (
				E4CD91842819D37300562EC5 /* NablaMessagingCore */,
				E412CB17281AC831001979B5 /* NablaMessagingUI */,
				E457672F28748CC500B771ED /* NablaVideoCall */,
			);
			productName = NablaExampleApp;
			productReference = E4CD916A2819D29E00562EC5 /* NablaUITestsHostApp.app */;
			productType = "com.apple.product-type.application";
		};
		FF8049DB283D19610076EFF8 /* NablaUITestsHostAppUITests */ = {
			isa = PBXNativeTarget;
			buildConfigurationList = FF8049E4283D19610076EFF8 /* Build configuration list for PBXNativeTarget "NablaUITestsHostAppUITests" */;
			buildPhases = (
				FF8049D8283D19610076EFF8 /* Sources */,
				FF8049D9283D19610076EFF8 /* Frameworks */,
				FF8049DA283D19610076EFF8 /* Resources */,
			);
			buildRules = (
			);
			dependencies = (
				FF8049E3283D19610076EFF8 /* PBXTargetDependency */,
			);
			name = NablaUITestsHostAppUITests;
			productName = NablaUITestsHostAppUITests;
			productReference = FF8049DC283D19610076EFF8 /* NablaUITestsHostAppUITests.xctest */;
			productType = "com.apple.product-type.bundle.ui-testing";
		};
/* End PBXNativeTarget section */

/* Begin PBXProject section */
		E4CD91622819D29E00562EC5 /* Project object */ = {
			isa = PBXProject;
			attributes = {
				BuildIndependentTargetsInParallel = 1;
				LastSwiftUpdateCheck = 1330;
				LastUpgradeCheck = 1330;
				TargetAttributes = {
					E4CD91692819D29E00562EC5 = {
						CreatedOnToolsVersion = 13.3;
					};
					FF8049DB283D19610076EFF8 = {
						CreatedOnToolsVersion = 13.3.1;
						TestTargetID = E4CD91692819D29E00562EC5;
					};
				};
			};
			buildConfigurationList = E4CD91652819D29E00562EC5 /* Build configuration list for PBXProject "NablaUITestsHostApp" */;
			compatibilityVersion = "Xcode 13.0";
			developmentRegion = en;
			hasScannedForEncodings = 0;
			knownRegions = (
				en,
				Base,
			);
			mainGroup = E4CD91612819D29E00562EC5;
			productRefGroup = E4CD916B2819D29E00562EC5 /* Products */;
			projectDirPath = "";
			projectRoot = "";
			targets = (
				E4CD91692819D29E00562EC5 /* NablaUITestsHostApp */,
				FF8049DB283D19610076EFF8 /* NablaUITestsHostAppUITests */,
			);
		};
/* End PBXProject section */

/* Begin PBXResourcesBuildPhase section */
		E4CD91682819D29E00562EC5 /* Resources */ = {
			isa = PBXResourcesBuildPhase;
			buildActionMask = 2147483647;
			files = (
				E4CD917A2819D29F00562EC5 /* LaunchScreen.storyboard in Resources */,
				E4CD91772819D29F00562EC5 /* Assets.xcassets in Resources */,
			);
			runOnlyForDeploymentPostprocessing = 0;
		};
		FF8049DA283D19610076EFF8 /* Resources */ = {
			isa = PBXResourcesBuildPhase;
			buildActionMask = 2147483647;
			files = (
			);
			runOnlyForDeploymentPostprocessing = 0;
		};
/* End PBXResourcesBuildPhase section */

/* Begin PBXSourcesBuildPhase section */
		E4CD91662819D29E00562EC5 /* Sources */ = {
			isa = PBXSourcesBuildPhase;
			buildActionMask = 2147483647;
			files = (
				FF8049EB283E12A40076EFF8 /* NablaMessagingProtocolMock+testCreateConversation.swift in Sources */,
				E4CD91722819D29E00562EC5 /* ViewController.swift in Sources */,
				FF4F6361283E657C00CDEF86 /* NablaMessagingProtocolMock+testFailSendMessageAndRetry.swift in Sources */,
				E4CD916E2819D29E00562EC5 /* AppDelegate.swift in Sources */,
				FF4F635F283E589700CDEF86 /* NablaMessagingProtocolMock+testSendMessage.swift in Sources */,
				FF4F6358283E531D00CDEF86 /* Conversation+Mock.swift in Sources */,
				FF8049F6283E1FD10076EFF8 /* LoggerMock.swift in Sources */,
				FF8049E8283D227A0076EFF8 /* NablaMessagingProtocolMock.swift in Sources */,
				FF8352BD283E79CA00BB5065 /* NablaMessagingProtocolMock+testSendMediaMessage.swift in Sources */,
				E4CD91702819D29E00562EC5 /* SceneDelegate.swift in Sources */,
				FF4F6355283E4A8D00CDEF86 /* NablaMessagingProtocolMock+testConversationListPagination.swift in Sources */,
				FF8352BF283E7DAF00BB5065 /* NablaMessagingProtocolMock+testTypingIndicatorAppears.swift in Sources */,
				FF8352BB283E76A600BB5065 /* NablaMessagingProtocolMock+testSendMessageAndDelete.swift in Sources */,
				FF4E8BE328450775003E487A /* NablaMessagingProtocolMock+testFocusOnTextMessage.swift in Sources */,
				FF8049ED283E16790076EFF8 /* LaunchArgument.swift in Sources */,
			);
			runOnlyForDeploymentPostprocessing = 0;
		};
		FF8049D8283D19610076EFF8 /* Sources */ = {
			isa = PBXSourcesBuildPhase;
			buildActionMask = 2147483647;
			files = (
				FF4F635C283E560000CDEF86 /* ConversationListViewUITests.swift in Sources */,
				FF4F635B283E560000CDEF86 /* ConversationViewControllerUITests.swift in Sources */,
				FF8049F2283E186B0076EFF8 /* XCUIElement+Helpers.swift in Sources */,
				FF8049EF283E16CB0076EFF8 /* LaunchArgument.swift in Sources */,
			);
			runOnlyForDeploymentPostprocessing = 0;
		};
/* End PBXSourcesBuildPhase section */

/* Begin PBXTargetDependency section */
		FF8049E3283D19610076EFF8 /* PBXTargetDependency */ = {
			isa = PBXTargetDependency;
			target = E4CD91692819D29E00562EC5 /* NablaUITestsHostApp */;
			targetProxy = FF8049E2283D19610076EFF8 /* PBXContainerItemProxy */;
		};
/* End PBXTargetDependency section */

/* Begin PBXVariantGroup section */
		E4CD91782819D29F00562EC5 /* LaunchScreen.storyboard */ = {
			isa = PBXVariantGroup;
			children = (
				E4CD91792819D29F00562EC5 /* Base */,
			);
			name = LaunchScreen.storyboard;
			sourceTree = "<group>";
		};
/* End PBXVariantGroup section */

/* Begin XCBuildConfiguration section */
		E4CD917C2819D29F00562EC5 /* Debug */ = {
			isa = XCBuildConfiguration;
			buildSettings = {
				ALWAYS_SEARCH_USER_PATHS = NO;
				CLANG_ANALYZER_NONNULL = YES;
				CLANG_ANALYZER_NUMBER_OBJECT_CONVERSION = YES_AGGRESSIVE;
				CLANG_CXX_LANGUAGE_STANDARD = "gnu++17";
				CLANG_ENABLE_MODULES = YES;
				CLANG_ENABLE_OBJC_ARC = YES;
				CLANG_ENABLE_OBJC_WEAK = YES;
				CLANG_WARN_BLOCK_CAPTURE_AUTORELEASING = YES;
				CLANG_WARN_BOOL_CONVERSION = YES;
				CLANG_WARN_COMMA = YES;
				CLANG_WARN_CONSTANT_CONVERSION = YES;
				CLANG_WARN_DEPRECATED_OBJC_IMPLEMENTATIONS = YES;
				CLANG_WARN_DIRECT_OBJC_ISA_USAGE = YES_ERROR;
				CLANG_WARN_DOCUMENTATION_COMMENTS = YES;
				CLANG_WARN_EMPTY_BODY = YES;
				CLANG_WARN_ENUM_CONVERSION = YES;
				CLANG_WARN_INFINITE_RECURSION = YES;
				CLANG_WARN_INT_CONVERSION = YES;
				CLANG_WARN_NON_LITERAL_NULL_CONVERSION = YES;
				CLANG_WARN_OBJC_IMPLICIT_RETAIN_SELF = YES;
				CLANG_WARN_OBJC_LITERAL_CONVERSION = YES;
				CLANG_WARN_OBJC_ROOT_CLASS = YES_ERROR;
				CLANG_WARN_QUOTED_INCLUDE_IN_FRAMEWORK_HEADER = YES;
				CLANG_WARN_RANGE_LOOP_ANALYSIS = YES;
				CLANG_WARN_STRICT_PROTOTYPES = YES;
				CLANG_WARN_SUSPICIOUS_MOVE = YES;
				CLANG_WARN_UNGUARDED_AVAILABILITY = YES_AGGRESSIVE;
				CLANG_WARN_UNREACHABLE_CODE = YES;
				CLANG_WARN__DUPLICATE_METHOD_MATCH = YES;
				COPY_PHASE_STRIP = NO;
				DEBUG_INFORMATION_FORMAT = dwarf;
				ENABLE_STRICT_OBJC_MSGSEND = YES;
				ENABLE_TESTABILITY = YES;
				GCC_C_LANGUAGE_STANDARD = gnu11;
				GCC_DYNAMIC_NO_PIC = NO;
				GCC_NO_COMMON_BLOCKS = YES;
				GCC_OPTIMIZATION_LEVEL = 0;
				GCC_PREPROCESSOR_DEFINITIONS = (
					"DEBUG=1",
					"$(inherited)",
				);
				GCC_WARN_64_TO_32_BIT_CONVERSION = YES;
				GCC_WARN_ABOUT_RETURN_TYPE = YES_ERROR;
				GCC_WARN_UNDECLARED_SELECTOR = YES;
				GCC_WARN_UNINITIALIZED_AUTOS = YES_AGGRESSIVE;
				GCC_WARN_UNUSED_FUNCTION = YES;
				GCC_WARN_UNUSED_VARIABLE = YES;
				IPHONEOS_DEPLOYMENT_TARGET = 15.4;
				MTL_ENABLE_DEBUG_INFO = INCLUDE_SOURCE;
				MTL_FAST_MATH = YES;
				ONLY_ACTIVE_ARCH = YES;
				SDKROOT = iphoneos;
				SWIFT_ACTIVE_COMPILATION_CONDITIONS = DEBUG;
				SWIFT_OPTIMIZATION_LEVEL = "-Onone";
			};
			name = Debug;
		};
		E4CD917D2819D29F00562EC5 /* Release */ = {
			isa = XCBuildConfiguration;
			buildSettings = {
				ALWAYS_SEARCH_USER_PATHS = NO;
				CLANG_ANALYZER_NONNULL = YES;
				CLANG_ANALYZER_NUMBER_OBJECT_CONVERSION = YES_AGGRESSIVE;
				CLANG_CXX_LANGUAGE_STANDARD = "gnu++17";
				CLANG_ENABLE_MODULES = YES;
				CLANG_ENABLE_OBJC_ARC = YES;
				CLANG_ENABLE_OBJC_WEAK = YES;
				CLANG_WARN_BLOCK_CAPTURE_AUTORELEASING = YES;
				CLANG_WARN_BOOL_CONVERSION = YES;
				CLANG_WARN_COMMA = YES;
				CLANG_WARN_CONSTANT_CONVERSION = YES;
				CLANG_WARN_DEPRECATED_OBJC_IMPLEMENTATIONS = YES;
				CLANG_WARN_DIRECT_OBJC_ISA_USAGE = YES_ERROR;
				CLANG_WARN_DOCUMENTATION_COMMENTS = YES;
				CLANG_WARN_EMPTY_BODY = YES;
				CLANG_WARN_ENUM_CONVERSION = YES;
				CLANG_WARN_INFINITE_RECURSION = YES;
				CLANG_WARN_INT_CONVERSION = YES;
				CLANG_WARN_NON_LITERAL_NULL_CONVERSION = YES;
				CLANG_WARN_OBJC_IMPLICIT_RETAIN_SELF = YES;
				CLANG_WARN_OBJC_LITERAL_CONVERSION = YES;
				CLANG_WARN_OBJC_ROOT_CLASS = YES_ERROR;
				CLANG_WARN_QUOTED_INCLUDE_IN_FRAMEWORK_HEADER = YES;
				CLANG_WARN_RANGE_LOOP_ANALYSIS = YES;
				CLANG_WARN_STRICT_PROTOTYPES = YES;
				CLANG_WARN_SUSPICIOUS_MOVE = YES;
				CLANG_WARN_UNGUARDED_AVAILABILITY = YES_AGGRESSIVE;
				CLANG_WARN_UNREACHABLE_CODE = YES;
				CLANG_WARN__DUPLICATE_METHOD_MATCH = YES;
				COPY_PHASE_STRIP = NO;
				DEBUG_INFORMATION_FORMAT = "dwarf-with-dsym";
				ENABLE_NS_ASSERTIONS = NO;
				ENABLE_STRICT_OBJC_MSGSEND = YES;
				GCC_C_LANGUAGE_STANDARD = gnu11;
				GCC_NO_COMMON_BLOCKS = YES;
				GCC_WARN_64_TO_32_BIT_CONVERSION = YES;
				GCC_WARN_ABOUT_RETURN_TYPE = YES_ERROR;
				GCC_WARN_UNDECLARED_SELECTOR = YES;
				GCC_WARN_UNINITIALIZED_AUTOS = YES_AGGRESSIVE;
				GCC_WARN_UNUSED_FUNCTION = YES;
				GCC_WARN_UNUSED_VARIABLE = YES;
				IPHONEOS_DEPLOYMENT_TARGET = 15.4;
				MTL_ENABLE_DEBUG_INFO = NO;
				MTL_FAST_MATH = YES;
				SDKROOT = iphoneos;
				SWIFT_COMPILATION_MODE = wholemodule;
				SWIFT_OPTIMIZATION_LEVEL = "-O";
				VALIDATE_PRODUCT = YES;
			};
			name = Release;
		};
		E4CD917F2819D29F00562EC5 /* Debug */ = {
			isa = XCBuildConfiguration;
			buildSettings = {
				ASSETCATALOG_COMPILER_APPICON_NAME = AppIcon;
				ASSETCATALOG_COMPILER_GLOBAL_ACCENT_COLOR_NAME = AccentColor;
				CODE_SIGN_STYLE = Automatic;
				CURRENT_PROJECT_VERSION = 1;
				ENABLE_TESTING_SEARCH_PATHS = YES;
				GENERATE_INFOPLIST_FILE = YES;
				INFOPLIST_FILE = NablaUITestsHostApp/Info.plist;
				INFOPLIST_KEY_UIApplicationSupportsIndirectInputEvents = YES;
				INFOPLIST_KEY_UILaunchStoryboardName = LaunchScreen;
				INFOPLIST_KEY_UISupportedInterfaceOrientations_iPad = "UIInterfaceOrientationPortrait UIInterfaceOrientationPortraitUpsideDown UIInterfaceOrientationLandscapeLeft UIInterfaceOrientationLandscapeRight";
				INFOPLIST_KEY_UISupportedInterfaceOrientations_iPhone = "UIInterfaceOrientationPortrait UIInterfaceOrientationLandscapeLeft UIInterfaceOrientationLandscapeRight";
				IPHONEOS_DEPLOYMENT_TARGET = 13.0;
				LD_RUNPATH_SEARCH_PATHS = (
					"$(inherited)",
					"@executable_path/Frameworks",
				);
				MARKETING_VERSION = 1.0;
				PRODUCT_BUNDLE_IDENTIFIER = com.nabla.example.NablaUITestsHostApp;
				PRODUCT_NAME = "$(TARGET_NAME)";
				SWIFT_EMIT_LOC_STRINGS = YES;
				SWIFT_VERSION = 5.0;
				TARGETED_DEVICE_FAMILY = "1,2";
			};
			name = Debug;
		};
		E4CD91802819D29F00562EC5 /* Release */ = {
			isa = XCBuildConfiguration;
			buildSettings = {
				ASSETCATALOG_COMPILER_APPICON_NAME = AppIcon;
				ASSETCATALOG_COMPILER_GLOBAL_ACCENT_COLOR_NAME = AccentColor;
				CODE_SIGN_STYLE = Automatic;
				CURRENT_PROJECT_VERSION = 1;
				ENABLE_TESTING_SEARCH_PATHS = YES;
				GENERATE_INFOPLIST_FILE = YES;
				INFOPLIST_FILE = NablaUITestsHostApp/Info.plist;
				INFOPLIST_KEY_UIApplicationSupportsIndirectInputEvents = YES;
				INFOPLIST_KEY_UILaunchStoryboardName = LaunchScreen;
				INFOPLIST_KEY_UISupportedInterfaceOrientations_iPad = "UIInterfaceOrientationPortrait UIInterfaceOrientationPortraitUpsideDown UIInterfaceOrientationLandscapeLeft UIInterfaceOrientationLandscapeRight";
				INFOPLIST_KEY_UISupportedInterfaceOrientations_iPhone = "UIInterfaceOrientationPortrait UIInterfaceOrientationLandscapeLeft UIInterfaceOrientationLandscapeRight";
				IPHONEOS_DEPLOYMENT_TARGET = 13.0;
				LD_RUNPATH_SEARCH_PATHS = (
					"$(inherited)",
					"@executable_path/Frameworks",
				);
				MARKETING_VERSION = 1.0;
				PRODUCT_BUNDLE_IDENTIFIER = com.nabla.example.NablaUITestsHostApp;
				PRODUCT_NAME = "$(TARGET_NAME)";
				SWIFT_EMIT_LOC_STRINGS = YES;
				SWIFT_VERSION = 5.0;
				TARGETED_DEVICE_FAMILY = "1,2";
			};
			name = Release;
		};
		FF8049E5283D19610076EFF8 /* Debug */ = {
			isa = XCBuildConfiguration;
			buildSettings = {
				CODE_SIGN_STYLE = Automatic;
				CURRENT_PROJECT_VERSION = 1;
				GENERATE_INFOPLIST_FILE = YES;
				MARKETING_VERSION = 1.0;
				PRODUCT_BUNDLE_IDENTIFIER = com.nabla.NablaUITestsHostAppUITests;
				PRODUCT_NAME = "$(TARGET_NAME)";
				SWIFT_EMIT_LOC_STRINGS = NO;
				SWIFT_VERSION = 5.0;
				TARGETED_DEVICE_FAMILY = "1,2";
				TEST_TARGET_NAME = NablaUITestsHostApp;
			};
			name = Debug;
		};
		FF8049E6283D19610076EFF8 /* Release */ = {
			isa = XCBuildConfiguration;
			buildSettings = {
				CODE_SIGN_STYLE = Automatic;
				CURRENT_PROJECT_VERSION = 1;
				GENERATE_INFOPLIST_FILE = YES;
				MARKETING_VERSION = 1.0;
				PRODUCT_BUNDLE_IDENTIFIER = com.nabla.NablaUITestsHostAppUITests;
				PRODUCT_NAME = "$(TARGET_NAME)";
				SWIFT_EMIT_LOC_STRINGS = NO;
				SWIFT_VERSION = 5.0;
				TARGETED_DEVICE_FAMILY = "1,2";
				TEST_TARGET_NAME = NablaUITestsHostApp;
			};
			name = Release;
		};
/* End XCBuildConfiguration section */

/* Begin XCConfigurationList section */
		E4CD91652819D29E00562EC5 /* Build configuration list for PBXProject "NablaUITestsHostApp" */ = {
			isa = XCConfigurationList;
			buildConfigurations = (
				E4CD917C2819D29F00562EC5 /* Debug */,
				E4CD917D2819D29F00562EC5 /* Release */,
			);
			defaultConfigurationIsVisible = 0;
			defaultConfigurationName = Release;
		};
		E4CD917E2819D29F00562EC5 /* Build configuration list for PBXNativeTarget "NablaUITestsHostApp" */ = {
			isa = XCConfigurationList;
			buildConfigurations = (
				E4CD917F2819D29F00562EC5 /* Debug */,
				E4CD91802819D29F00562EC5 /* Release */,
			);
			defaultConfigurationIsVisible = 0;
			defaultConfigurationName = Release;
		};
		FF8049E4283D19610076EFF8 /* Build configuration list for PBXNativeTarget "NablaUITestsHostAppUITests" */ = {
			isa = XCConfigurationList;
			buildConfigurations = (
				FF8049E5283D19610076EFF8 /* Debug */,
				FF8049E6283D19610076EFF8 /* Release */,
			);
			defaultConfigurationIsVisible = 0;
			defaultConfigurationName = Release;
		};
/* End XCConfigurationList section */

/* Begin XCSwiftPackageProductDependency section */
		E412CB17281AC831001979B5 /* NablaMessagingUI */ = {
			isa = XCSwiftPackageProductDependency;
			productName = NablaMessagingUI;
		};
		E457672F28748CC500B771ED /* NablaVideoCall */ = {
			isa = XCSwiftPackageProductDependency;
			productName = NablaVideoCall;
		};
		E4CD91842819D37300562EC5 /* NablaMessagingCore */ = {
			isa = XCSwiftPackageProductDependency;
			productName = NablaMessagingCore;
		};
/* End XCSwiftPackageProductDependency section */
	};
	rootObject = E4CD91622819D29E00562EC5 /* Project object */;
}
